# generated by rye
# use `rye lock` or `rye sync` to update this lockfile
#
# last locked with the following flags:
#   pre: false
#   features: []
#   all-features: false

-e file:.
asgiref==3.7.2
django==3.2
pillow==9.0.0
python-dotenv==0.19.2
pytz==2023.3
sqlparse==0.4.4
typing-extensions==4.6.3
